
Microsoft Visual Studio Solution File, Format Version 12.00
# Visual Studio Version 17
VisualStudioVersion = 17.4.33205.214
MinimumVisualStudioVersion = 10.0.40219.1
Project("{9A19103F-16F7-4668-BE54-9A1E7A4F7556}") = "WebAPI", "WebAPI.csproj", "{622D35A6-78E5-4AE2-8209-961B96004881}"
EndProject
Project("{2150E333-8FDC-42A3-9474-1A3956D46DE8}") = "src", "src", "{438A5D95-20F9-4B30-A883-716A221D9273}"
EndProject
Project("{2150E333-8FDC-42A3-9474-1A3956D46DE8}") = "OrderAProduct", "OrderAProduct", "{88810B1E-A39A-4AAC-9122-7F2B9E7AFAAB}"
EndProject
Project("{2150E333-8FDC-42A3-9474-1A3956D46DE8}") = "corePackages", "corePackages", "{293C1E82-1D75-4AB7-B041-8EE6B552524E}"
EndProject
Project("{9A19103F-16F7-4668-BE54-9A1E7A4F7556}") = "Core.Application", "..\..\corePackages\Core.Application\Core.Application.csproj", "{A0822B13-5E2A-4114-91DA-EC8337512FC7}"
EndProject
Project("{9A19103F-16F7-4668-BE54-9A1E7A4F7556}") = "Core.CrossCuttingConcerns", "..\..\corePackages\Core.CrossCuttingConcers\Core.CrossCuttingConcerns.csproj", "{91DDCBE5-0A60-470B-B493-C5E5ED7DC6D9}"
EndProject
Project("{9A19103F-16F7-4668-BE54-9A1E7A4F7556}") = "Core.ElasticSearch", "..\..\corePackages\Core.ElasticSearch\Core.ElasticSearch.csproj", "{C7464C18-DC49-497D-9977-18CD7271AE55}"
EndProject
Project("{9A19103F-16F7-4668-BE54-9A1E7A4F7556}") = "Core.Mailing", "..\..\corePackages\Core.Mailing\Core.Mailing.csproj", "{F3046971-E489-4960-BD5A-9623690765ED}"
EndProject
Project("{9A19103F-16F7-4668-BE54-9A1E7A4F7556}") = "Core.Persistence", "..\..\corePackages\Core.Persistence\Core.Persistence.csproj", "{F1C4A740-F136-487C-AF8B-9AF79DE1C727}"
EndProject
Project("{9A19103F-16F7-4668-BE54-9A1E7A4F7556}") = "Core.Security", "..\..\corePackages\Core.Security\Core.Security.csproj", "{9E90D657-876B-4006-BEAC-A230918A2240}"
EndProject
Project("{9A19103F-16F7-4668-BE54-9A1E7A4F7556}") = "Application", "..\Application\Application.csproj", "{797EABB6-D556-42EF-9D89-3F54AF5824CF}"
EndProject
Project("{9A19103F-16F7-4668-BE54-9A1E7A4F7556}") = "Domain", "..\Domain\Domain.csproj", "{85F65058-A121-4B73-A24D-969A6FFFDFEB}"
EndProject
Project("{9A19103F-16F7-4668-BE54-9A1E7A4F7556}") = "Infrastructure", "..\Infrastructure\Infrastructure.csproj", "{9496DD08-8159-48C3-AC54-DAF54430B169}"
EndProject
Project("{9A19103F-16F7-4668-BE54-9A1E7A4F7556}") = "Persistence", "..\Persistence\Persistence.csproj", "{BB2BD3B8-5681-4905-9C61-CA331D7AF8A5}"
EndProject
Global
	GlobalSection(SolutionConfigurationPlatforms) = preSolution
		Debug|Any CPU = Debug|Any CPU
		Release|Any CPU = Release|Any CPU
	EndGlobalSection
	GlobalSection(ProjectConfigurationPlatforms) = postSolution
		{622D35A6-78E5-4AE2-8209-961B96004881}.Debug|Any CPU.ActiveCfg = Debug|Any CPU
		{622D35A6-78E5-4AE2-8209-961B96004881}.Debug|Any CPU.Build.0 = Debug|Any CPU
		{622D35A6-78E5-4AE2-8209-961B96004881}.Release|Any CPU.ActiveCfg = Release|Any CPU
		{622D35A6-78E5-4AE2-8209-961B96004881}.Release|Any CPU.Build.0 = Release|Any CPU
		{A0822B13-5E2A-4114-91DA-EC8337512FC7}.Debug|Any CPU.ActiveCfg = Debug|Any CPU
		{A0822B13-5E2A-4114-91DA-EC8337512FC7}.Debug|Any CPU.Build.0 = Debug|Any CPU
		{A0822B13-5E2A-4114-91DA-EC8337512FC7}.Release|Any CPU.ActiveCfg = Release|Any CPU
		{A0822B13-5E2A-4114-91DA-EC8337512FC7}.Release|Any CPU.Build.0 = Release|Any CPU
		{91DDCBE5-0A60-470B-B493-C5E5ED7DC6D9}.Debug|Any CPU.ActiveCfg = Debug|Any CPU
		{91DDCBE5-0A60-470B-B493-C5E5ED7DC6D9}.Debug|Any CPU.Build.0 = Debug|Any CPU
		{91DDCBE5-0A60-470B-B493-C5E5ED7DC6D9}.Release|Any CPU.ActiveCfg = Release|Any CPU
		{91DDCBE5-0A60-470B-B493-C5E5ED7DC6D9}.Release|Any CPU.Build.0 = Release|Any CPU
		{C7464C18-DC49-497D-9977-18CD7271AE55}.Debug|Any CPU.ActiveCfg = Debug|Any CPU
		{C7464C18-DC49-497D-9977-18CD7271AE55}.Debug|Any CPU.Build.0 = Debug|Any CPU
		{C7464C18-DC49-497D-9977-18CD7271AE55}.Release|Any CPU.ActiveCfg = Release|Any CPU
		{C7464C18-DC49-497D-9977-18CD7271AE55}.Release|Any CPU.Build.0 = Release|Any CPU
		{F3046971-E489-4960-BD5A-9623690765ED}.Debug|Any CPU.ActiveCfg = Debug|Any CPU
		{F3046971-E489-4960-BD5A-9623690765ED}.Debug|Any CPU.Build.0 = Debug|Any CPU
		{F3046971-E489-4960-BD5A-9623690765ED}.Release|Any CPU.ActiveCfg = Release|Any CPU
		{F3046971-E489-4960-BD5A-9623690765ED}.Release|Any CPU.Build.0 = Release|Any CPU
		{F1C4A740-F136-487C-AF8B-9AF79DE1C727}.Debug|Any CPU.ActiveCfg = Debug|Any CPU
		{F1C4A740-F136-487C-AF8B-9AF79DE1C727}.Debug|Any CPU.Build.0 = Debug|Any CPU
		{F1C4A740-F136-487C-AF8B-9AF79DE1C727}.Release|Any CPU.ActiveCfg = Release|Any CPU
		{F1C4A740-F136-487C-AF8B-9AF79DE1C727}.Release|Any CPU.Build.0 = Release|Any CPU
		{9E90D657-876B-4006-BEAC-A230918A2240}.Debug|Any CPU.ActiveCfg = Debug|Any CPU
		{9E90D657-876B-4006-BEAC-A230918A2240}.Debug|Any CPU.Build.0 = Debug|Any CPU
		{9E90D657-876B-4006-BEAC-A230918A2240}.Release|Any CPU.ActiveCfg = Release|Any CPU
		{9E90D657-876B-4006-BEAC-A230918A2240}.Release|Any CPU.Build.0 = Release|Any CPU
		{797EABB6-D556-42EF-9D89-3F54AF5824CF}.Debug|Any CPU.ActiveCfg = Debug|Any CPU
		{797EABB6-D556-42EF-9D89-3F54AF5824CF}.Debug|Any CPU.Build.0 = Debug|Any CPU
		{797EABB6-D556-42EF-9D89-3F54AF5824CF}.Release|Any CPU.ActiveCfg = Release|Any CPU
		{797EABB6-D556-42EF-9D89-3F54AF5824CF}.Release|Any CPU.Build.0 = Release|Any CPU
		{85F65058-A121-4B73-A24D-969A6FFFDFEB}.Debug|Any CPU.ActiveCfg = Debug|Any CPU
		{85F65058-A121-4B73-A24D-969A6FFFDFEB}.Debug|Any CPU.Build.0 = Debug|Any CPU
		{85F65058-A121-4B73-A24D-969A6FFFDFEB}.Release|Any CPU.ActiveCfg = Release|Any CPU
		{85F65058-A121-4B73-A24D-969A6FFFDFEB}.Release|Any CPU.Build.0 = Release|Any CPU
		{9496DD08-8159-48C3-AC54-DAF54430B169}.Debug|Any CPU.ActiveCfg = Debug|Any CPU
		{9496DD08-8159-48C3-AC54-DAF54430B169}.Debug|Any CPU.Build.0 = Debug|Any CPU
		{9496DD08-8159-48C3-AC54-DAF54430B169}.Release|Any CPU.ActiveCfg = Release|Any CPU
		{9496DD08-8159-48C3-AC54-DAF54430B169}.Release|Any CPU.Build.0 = Release|Any CPU
		{BB2BD3B8-5681-4905-9C61-CA331D7AF8A5}.Debug|Any CPU.ActiveCfg = Debug|Any CPU
		{BB2BD3B8-5681-4905-9C61-CA331D7AF8A5}.Debug|Any CPU.Build.0 = Debug|Any CPU
		{BB2BD3B8-5681-4905-9C61-CA331D7AF8A5}.Release|Any CPU.ActiveCfg = Release|Any CPU
		{BB2BD3B8-5681-4905-9C61-CA331D7AF8A5}.Release|Any CPU.Build.0 = Release|Any CPU
	EndGlobalSection
	GlobalSection(SolutionProperties) = preSolution
		HideSolutionNode = FALSE
	EndGlobalSection
	GlobalSection(NestedProjects) = preSolution
		{622D35A6-78E5-4AE2-8209-961B96004881} = {88810B1E-A39A-4AAC-9122-7F2B9E7AFAAB}
		{88810B1E-A39A-4AAC-9122-7F2B9E7AFAAB} = {438A5D95-20F9-4B30-A883-716A221D9273}
		{293C1E82-1D75-4AB7-B041-8EE6B552524E} = {438A5D95-20F9-4B30-A883-716A221D9273}
		{A0822B13-5E2A-4114-91DA-EC8337512FC7} = {293C1E82-1D75-4AB7-B041-8EE6B552524E}
		{91DDCBE5-0A60-470B-B493-C5E5ED7DC6D9} = {293C1E82-1D75-4AB7-B041-8EE6B552524E}
		{C7464C18-DC49-497D-9977-18CD7271AE55} = {293C1E82-1D75-4AB7-B041-8EE6B552524E}
		{F3046971-E489-4960-BD5A-9623690765ED} = {293C1E82-1D75-4AB7-B041-8EE6B552524E}
		{F1C4A740-F136-487C-AF8B-9AF79DE1C727} = {293C1E82-1D75-4AB7-B041-8EE6B552524E}
		{9E90D657-876B-4006-BEAC-A230918A2240} = {293C1E82-1D75-4AB7-B041-8EE6B552524E}
		{797EABB6-D556-42EF-9D89-3F54AF5824CF} = {88810B1E-A39A-4AAC-9122-7F2B9E7AFAAB}
		{85F65058-A121-4B73-A24D-969A6FFFDFEB} = {88810B1E-A39A-4AAC-9122-7F2B9E7AFAAB}
		{9496DD08-8159-48C3-AC54-DAF54430B169} = {88810B1E-A39A-4AAC-9122-7F2B9E7AFAAB}
		{BB2BD3B8-5681-4905-9C61-CA331D7AF8A5} = {88810B1E-A39A-4AAC-9122-7F2B9E7AFAAB}
	EndGlobalSection
	GlobalSection(ExtensibilityGlobals) = postSolution
		SolutionGuid = {E3665751-F5B2-4023-A8B3-A4E09B9809A7}
	EndGlobalSection
EndGlobal
